
Microsoft Visual Studio Solution File, Format Version 12.00
# Visual Studio Version 17
VisualStudioVersion = 17.0.31410.414
MinimumVisualStudioVersion = 10.0.40219.1
Project("{9A19103F-16F7-4668-BE54-9A1E7A4F7556}") = "Stocks Data Processing", "Stocks Data Processing\Stocks Data Processing.csproj", "{2A70B178-2371-4636-9458-E51357F4B547}"
EndProject
Project("{9A19103F-16F7-4668-BE54-9A1E7A4F7556}") = "StocksProccesing.Relational", "StocksProccesing.Relational\StocksProccesing.Relational.csproj", "{A5B61E7D-F27C-4075-B731-6B7BCF18891C}"
EndProject
Project("{9A19103F-16F7-4668-BE54-9A1E7A4F7556}") = "StockBulkGatherer", "StockBulkGatherer\StockBulkGatherer.csproj", "{81C5AB14-2FAA-4C3C-9C83-22F2B6B76E47}"
EndProject
Project("{9A19103F-16F7-4668-BE54-9A1E7A4F7556}") = "StocksProcessing.ML", "StocksProcessing.ML\StocksProcessing.ML.csproj", "{9EB284C6-794C-4A5D-8AEC-FB5027617927}"
EndProject
Project("{9A19103F-16F7-4668-BE54-9A1E7A4F7556}") = "Stocks.General", "Stocks.General\Stocks.General.csproj", "{2BC1757E-58DC-4E3C-9E06-F04B60D1C847}"
EndProject
Project("{9A19103F-16F7-4668-BE54-9A1E7A4F7556}") = "StocksProcessing.API", "StocksProcessing.API\StocksProcessing.API.csproj", "{9BF77E45-71F6-4EA8-B936-83F2F5A833BE}"
EndProject
Project("{9A19103F-16F7-4668-BE54-9A1E7A4F7556}") = "StocksFinalSolution.BusinessLogic", "StocksFinalSolution.BusinessLogic\StocksFinalSolution.BusinessLogic.csproj", "{32DFAE8E-D4B5-4BC0-BDC2-D48CDD2F0C06}"
EndProject
Project("{2150E333-8FDC-42A3-9474-1A3956D46DE8}") = "Scheduled Tasks", "Scheduled Tasks", "{951E7497-FAA2-437A-9E1B-BD26910AE678}"
EndProject
Global
	GlobalSection(SolutionConfigurationPlatforms) = preSolution
		Debug|Any CPU = Debug|Any CPU
		Debug|x64 = Debug|x64
		Release|Any CPU = Release|Any CPU
		Release|x64 = Release|x64
	EndGlobalSection
	GlobalSection(ProjectConfigurationPlatforms) = postSolution
		{2A70B178-2371-4636-9458-E51357F4B547}.Debug|Any CPU.ActiveCfg = Debug|Any CPU
		{2A70B178-2371-4636-9458-E51357F4B547}.Debug|Any CPU.Build.0 = Debug|Any CPU
		{2A70B178-2371-4636-9458-E51357F4B547}.Debug|x64.ActiveCfg = Debug|Any CPU
		{2A70B178-2371-4636-9458-E51357F4B547}.Debug|x64.Build.0 = Debug|Any CPU
		{2A70B178-2371-4636-9458-E51357F4B547}.Release|Any CPU.ActiveCfg = Release|Any CPU
		{2A70B178-2371-4636-9458-E51357F4B547}.Release|Any CPU.Build.0 = Release|Any CPU
		{2A70B178-2371-4636-9458-E51357F4B547}.Release|x64.ActiveCfg = Release|Any CPU
		{2A70B178-2371-4636-9458-E51357F4B547}.Release|x64.Build.0 = Release|Any CPU
		{A5B61E7D-F27C-4075-B731-6B7BCF18891C}.Debug|Any CPU.ActiveCfg = Debug|Any CPU
		{A5B61E7D-F27C-4075-B731-6B7BCF18891C}.Debug|Any CPU.Build.0 = Debug|Any CPU
		{A5B61E7D-F27C-4075-B731-6B7BCF18891C}.Debug|x64.ActiveCfg = Debug|Any CPU
		{A5B61E7D-F27C-4075-B731-6B7BCF18891C}.Debug|x64.Build.0 = Debug|Any CPU
		{A5B61E7D-F27C-4075-B731-6B7BCF18891C}.Release|Any CPU.ActiveCfg = Release|Any CPU
		{A5B61E7D-F27C-4075-B731-6B7BCF18891C}.Release|Any CPU.Build.0 = Release|Any CPU
		{A5B61E7D-F27C-4075-B731-6B7BCF18891C}.Release|x64.ActiveCfg = Release|Any CPU
		{A5B61E7D-F27C-4075-B731-6B7BCF18891C}.Release|x64.Build.0 = Release|Any CPU
		{81C5AB14-2FAA-4C3C-9C83-22F2B6B76E47}.Debug|Any CPU.ActiveCfg = Debug|Any CPU
		{81C5AB14-2FAA-4C3C-9C83-22F2B6B76E47}.Debug|Any CPU.Build.0 = Debug|Any CPU
		{81C5AB14-2FAA-4C3C-9C83-22F2B6B76E47}.Debug|x64.ActiveCfg = Debug|Any CPU
		{81C5AB14-2FAA-4C3C-9C83-22F2B6B76E47}.Debug|x64.Build.0 = Debug|Any CPU
		{81C5AB14-2FAA-4C3C-9C83-22F2B6B76E47}.Release|Any CPU.ActiveCfg = Release|Any CPU
		{81C5AB14-2FAA-4C3C-9C83-22F2B6B76E47}.Release|Any CPU.Build.0 = Release|Any CPU
		{81C5AB14-2FAA-4C3C-9C83-22F2B6B76E47}.Release|x64.ActiveCfg = Release|Any CPU
		{81C5AB14-2FAA-4C3C-9C83-22F2B6B76E47}.Release|x64.Build.0 = Release|Any CPU
		{9EB284C6-794C-4A5D-8AEC-FB5027617927}.Debug|Any CPU.ActiveCfg = Debug|Any CPU
		{9EB284C6-794C-4A5D-8AEC-FB5027617927}.Debug|Any CPU.Build.0 = Debug|Any CPU
		{9EB284C6-794C-4A5D-8AEC-FB5027617927}.Debug|x64.ActiveCfg = Debug|Any CPU
		{9EB284C6-794C-4A5D-8AEC-FB5027617927}.Debug|x64.Build.0 = Debug|Any CPU
		{9EB284C6-794C-4A5D-8AEC-FB5027617927}.Release|Any CPU.ActiveCfg = Release|Any CPU
		{9EB284C6-794C-4A5D-8AEC-FB5027617927}.Release|Any CPU.Build.0 = Release|Any CPU
		{9EB284C6-794C-4A5D-8AEC-FB5027617927}.Release|x64.ActiveCfg = Release|Any CPU
		{9EB284C6-794C-4A5D-8AEC-FB5027617927}.Release|x64.Build.0 = Release|Any CPU
		{2BC1757E-58DC-4E3C-9E06-F04B60D1C847}.Debug|Any CPU.ActiveCfg = Debug|Any CPU
		{2BC1757E-58DC-4E3C-9E06-F04B60D1C847}.Debug|Any CPU.Build.0 = Debug|Any CPU
		{2BC1757E-58DC-4E3C-9E06-F04B60D1C847}.Debug|x64.ActiveCfg = Debug|Any CPU
		{2BC1757E-58DC-4E3C-9E06-F04B60D1C847}.Debug|x64.Build.0 = Debug|Any CPU
		{2BC1757E-58DC-4E3C-9E06-F04B60D1C847}.Release|Any CPU.ActiveCfg = Release|Any CPU
		{2BC1757E-58DC-4E3C-9E06-F04B60D1C847}.Release|Any CPU.Build.0 = Release|Any CPU
		{2BC1757E-58DC-4E3C-9E06-F04B60D1C847}.Release|x64.ActiveCfg = Release|Any CPU
		{2BC1757E-58DC-4E3C-9E06-F04B60D1C847}.Release|x64.Build.0 = Release|Any CPU
		{9BF77E45-71F6-4EA8-B936-83F2F5A833BE}.Debug|Any CPU.ActiveCfg = Debug|Any CPU
		{9BF77E45-71F6-4EA8-B936-83F2F5A833BE}.Debug|Any CPU.Build.0 = Debug|Any CPU
		{9BF77E45-71F6-4EA8-B936-83F2F5A833BE}.Debug|x64.ActiveCfg = Debug|x64
		{9BF77E45-71F6-4EA8-B936-83F2F5A833BE}.Debug|x64.Build.0 = Debug|x64
		{9BF77E45-71F6-4EA8-B936-83F2F5A833BE}.Release|Any CPU.ActiveCfg = Release|Any CPU
		{9BF77E45-71F6-4EA8-B936-83F2F5A833BE}.Release|Any CPU.Build.0 = Release|Any CPU
		{9BF77E45-71F6-4EA8-B936-83F2F5A833BE}.Release|x64.ActiveCfg = Release|x64
		{9BF77E45-71F6-4EA8-B936-83F2F5A833BE}.Release|x64.Build.0 = Release|x64
		{32DFAE8E-D4B5-4BC0-BDC2-D48CDD2F0C06}.Debug|Any CPU.ActiveCfg = Debug|Any CPU
		{32DFAE8E-D4B5-4BC0-BDC2-D48CDD2F0C06}.Debug|Any CPU.Build.0 = Debug|Any CPU
		{32DFAE8E-D4B5-4BC0-BDC2-D48CDD2F0C06}.Debug|x64.ActiveCfg = Debug|Any CPU
		{32DFAE8E-D4B5-4BC0-BDC2-D48CDD2F0C06}.Debug|x64.Build.0 = Debug|Any CPU
		{32DFAE8E-D4B5-4BC0-BDC2-D48CDD2F0C06}.Release|Any CPU.ActiveCfg = Release|Any CPU
		{32DFAE8E-D4B5-4BC0-BDC2-D48CDD2F0C06}.Release|Any CPU.Build.0 = Release|Any CPU
		{32DFAE8E-D4B5-4BC0-BDC2-D48CDD2F0C06}.Release|x64.ActiveCfg = Release|Any CPU
		{32DFAE8E-D4B5-4BC0-BDC2-D48CDD2F0C06}.Release|x64.Build.0 = Release|Any CPU
	EndGlobalSection
	GlobalSection(SolutionProperties) = preSolution
		HideSolutionNode = FALSE
	EndGlobalSection
	GlobalSection(NestedProjects) = preSolution
		{2A70B178-2371-4636-9458-E51357F4B547} = {951E7497-FAA2-437A-9E1B-BD26910AE678}
	EndGlobalSection
	GlobalSection(ExtensibilityGlobals) = postSolution
		SolutionGuid = {4671669B-1F9B-416F-85A6-56B146512255}
	EndGlobalSection
EndGlobal
