
Microsoft Visual Studio Solution File, Format Version 12.00
# Visual Studio Version 17
VisualStudioVersion = 17.0.31410.414
MinimumVisualStudioVersion = 10.0.40219.1
Project("{9A19103F-16F7-4668-BE54-9A1E7A4F7556}") = "Stocks Data Processing", "Stocks Data Processing\Stocks Data Processing.csproj", "{2A70B178-2371-4636-9458-E51357F4B547}"
EndProject
Project("{9A19103F-16F7-4668-BE54-9A1E7A4F7556}") = "StocksProccesing.Relational", "StocksProccesing.Relational\StocksProccesing.Relational.csproj", "{A5B61E7D-F27C-4075-B731-6B7BCF18891C}"
EndProject
Project("{9A19103F-16F7-4668-BE54-9A1E7A4F7556}") = "StockBulkGatherer", "StockBulkGatherer\StockBulkGatherer.csproj", "{81C5AB14-2FAA-4C3C-9C83-22F2B6B76E47}"
EndProject
Project("{9A19103F-16F7-4668-BE54-9A1E7A4F7556}") = "StocksProcessing.ML", "StocksProcessing.ML\StocksProcessing.ML.csproj", "{9EB284C6-794C-4A5D-8AEC-FB5027617927}"
EndProject
Project("{9A19103F-16F7-4668-BE54-9A1E7A4F7556}") = "Stocks.General", "Stocks.General\Stocks.General.csproj", "{2BC1757E-58DC-4E3C-9E06-F04B60D1C847}"
EndProject
Project("{9A19103F-16F7-4668-BE54-9A1E7A4F7556}") = "StocksProcessing.API", "StocksProcessing.API\StocksProcessing.API.csproj", "{9BF77E45-71F6-4EA8-B936-83F2F5A833BE}"
EndProject
Project("{9A19103F-16F7-4668-BE54-9A1E7A4F7556}") = "StocksFinalSolution.BusinessLogic", "StocksFinalSolution.BusinessLogic\StocksFinalSolution.BusinessLogic.csproj", "{32DFAE8E-D4B5-4BC0-BDC2-D48CDD2F0C06}"
EndProject
Project("{2150E333-8FDC-42A3-9474-1A3956D46DE8}") = "Scheduled Tasks", "Scheduled Tasks", "{951E7497-FAA2-437A-9E1B-BD26910AE678}"
EndProject
Project("{9A19103F-16F7-4668-BE54-9A1E7A4F7556}") = "TabularML", "TabularML\TabularML.csproj", "{19BDB643-6530-4C33-8393-647BE8D45BDF}"
EndProject
Project("{9A19103F-16F7-4668-BE54-9A1E7A4F7556}") = "Tabular_data_shift", "Tabular_data_shift\Tabular_data_shift.csproj", "{F4DD372D-9F0F-4065-BBE7-E30696C84947}"
EndProject
Project("{2150E333-8FDC-42A3-9474-1A3956D46DE8}") = "Azure Functions", "Azure Functions", "{9955D363-EB16-4882-8167-0A7442D9F661}"
EndProject
Project("{FAE04EC0-301F-11D3-BF4B-00C04F79EFBC}") = "MaintainanceStockProcessingJobs", "MaintainanceStockProcessingJobs\MaintainanceStockProcessingJobs.csproj", "{B522EB72-02AF-4AA7-AE1F-5C1938CBD99D}"
EndProject
Project("{FAE04EC0-301F-11D3-BF4B-00C04F79EFBC}") = "PredictionsGeneratorFunction", "PredictionsGeneratorFunction\PredictionsGeneratorFunction.csproj", "{7B0D64B2-09D7-4BD3-B21C-4B7F6B43A30C}"
EndProject
Project("{FAE04EC0-301F-11D3-BF4B-00C04F79EFBC}") = "ScraperFunction", "ScraperFunction\ScraperFunction.csproj", "{59B234D3-AAB0-483A-95EF-3D9EC001A686}"
EndProject
Project("{FAE04EC0-301F-11D3-BF4B-00C04F79EFBC}") = "SummariesGeneratorFunction", "SummariesGeneratorFunction\SummariesGeneratorFunction.csproj", "{832C68D6-9CF9-416E-B832-9337FE2DE3D6}"
EndProject
Project("{FAE04EC0-301F-11D3-BF4B-00C04F79EFBC}") = "TaxesCollectorFunction", "TaxesCollectorFunction\TaxesCollectorFunction.csproj", "{1B3376E9-4011-4428-9390-9DA2C91C2AF3}"
EndProject
Project("{FAE04EC0-301F-11D3-BF4B-00C04F79EFBC}") = "TransactionsMonitorFunction", "TransactionsMonitorFunction\TransactionsMonitorFunction.csproj", "{4CDE5D74-EAB7-44D0-A6B7-06A1E2335AD9}"
EndProject
Global
	GlobalSection(SolutionConfigurationPlatforms) = preSolution
		Debug|Any CPU = Debug|Any CPU
		Debug|x64 = Debug|x64
		Release|Any CPU = Release|Any CPU
		Release|x64 = Release|x64
	EndGlobalSection
	GlobalSection(ProjectConfigurationPlatforms) = postSolution
		{2A70B178-2371-4636-9458-E51357F4B547}.Debug|Any CPU.ActiveCfg = Debug|Any CPU
		{2A70B178-2371-4636-9458-E51357F4B547}.Debug|Any CPU.Build.0 = Debug|Any CPU
		{2A70B178-2371-4636-9458-E51357F4B547}.Debug|x64.ActiveCfg = Debug|Any CPU
		{2A70B178-2371-4636-9458-E51357F4B547}.Debug|x64.Build.0 = Debug|Any CPU
		{2A70B178-2371-4636-9458-E51357F4B547}.Release|Any CPU.ActiveCfg = Release|Any CPU
		{2A70B178-2371-4636-9458-E51357F4B547}.Release|Any CPU.Build.0 = Release|Any CPU
		{2A70B178-2371-4636-9458-E51357F4B547}.Release|x64.ActiveCfg = Release|Any CPU
		{2A70B178-2371-4636-9458-E51357F4B547}.Release|x64.Build.0 = Release|Any CPU
		{A5B61E7D-F27C-4075-B731-6B7BCF18891C}.Debug|Any CPU.ActiveCfg = Debug|Any CPU
		{A5B61E7D-F27C-4075-B731-6B7BCF18891C}.Debug|Any CPU.Build.0 = Debug|Any CPU
		{A5B61E7D-F27C-4075-B731-6B7BCF18891C}.Debug|x64.ActiveCfg = Debug|Any CPU
		{A5B61E7D-F27C-4075-B731-6B7BCF18891C}.Debug|x64.Build.0 = Debug|Any CPU
		{A5B61E7D-F27C-4075-B731-6B7BCF18891C}.Release|Any CPU.ActiveCfg = Release|Any CPU
		{A5B61E7D-F27C-4075-B731-6B7BCF18891C}.Release|Any CPU.Build.0 = Release|Any CPU
		{A5B61E7D-F27C-4075-B731-6B7BCF18891C}.Release|x64.ActiveCfg = Release|Any CPU
		{A5B61E7D-F27C-4075-B731-6B7BCF18891C}.Release|x64.Build.0 = Release|Any CPU
		{81C5AB14-2FAA-4C3C-9C83-22F2B6B76E47}.Debug|Any CPU.ActiveCfg = Debug|Any CPU
		{81C5AB14-2FAA-4C3C-9C83-22F2B6B76E47}.Debug|Any CPU.Build.0 = Debug|Any CPU
		{81C5AB14-2FAA-4C3C-9C83-22F2B6B76E47}.Debug|x64.ActiveCfg = Debug|Any CPU
		{81C5AB14-2FAA-4C3C-9C83-22F2B6B76E47}.Debug|x64.Build.0 = Debug|Any CPU
		{81C5AB14-2FAA-4C3C-9C83-22F2B6B76E47}.Release|Any CPU.ActiveCfg = Release|Any CPU
		{81C5AB14-2FAA-4C3C-9C83-22F2B6B76E47}.Release|Any CPU.Build.0 = Release|Any CPU
		{81C5AB14-2FAA-4C3C-9C83-22F2B6B76E47}.Release|x64.ActiveCfg = Release|Any CPU
		{81C5AB14-2FAA-4C3C-9C83-22F2B6B76E47}.Release|x64.Build.0 = Release|Any CPU
		{9EB284C6-794C-4A5D-8AEC-FB5027617927}.Debug|Any CPU.ActiveCfg = Debug|Any CPU
		{9EB284C6-794C-4A5D-8AEC-FB5027617927}.Debug|Any CPU.Build.0 = Debug|Any CPU
		{9EB284C6-794C-4A5D-8AEC-FB5027617927}.Debug|x64.ActiveCfg = Debug|Any CPU
		{9EB284C6-794C-4A5D-8AEC-FB5027617927}.Debug|x64.Build.0 = Debug|Any CPU
		{9EB284C6-794C-4A5D-8AEC-FB5027617927}.Release|Any CPU.ActiveCfg = Release|Any CPU
		{9EB284C6-794C-4A5D-8AEC-FB5027617927}.Release|Any CPU.Build.0 = Release|Any CPU
		{9EB284C6-794C-4A5D-8AEC-FB5027617927}.Release|x64.ActiveCfg = Release|Any CPU
		{9EB284C6-794C-4A5D-8AEC-FB5027617927}.Release|x64.Build.0 = Release|Any CPU
		{2BC1757E-58DC-4E3C-9E06-F04B60D1C847}.Debug|Any CPU.ActiveCfg = Debug|Any CPU
		{2BC1757E-58DC-4E3C-9E06-F04B60D1C847}.Debug|Any CPU.Build.0 = Debug|Any CPU
		{2BC1757E-58DC-4E3C-9E06-F04B60D1C847}.Debug|x64.ActiveCfg = Debug|Any CPU
		{2BC1757E-58DC-4E3C-9E06-F04B60D1C847}.Debug|x64.Build.0 = Debug|Any CPU
		{2BC1757E-58DC-4E3C-9E06-F04B60D1C847}.Release|Any CPU.ActiveCfg = Release|Any CPU
		{2BC1757E-58DC-4E3C-9E06-F04B60D1C847}.Release|Any CPU.Build.0 = Release|Any CPU
		{2BC1757E-58DC-4E3C-9E06-F04B60D1C847}.Release|x64.ActiveCfg = Release|Any CPU
		{2BC1757E-58DC-4E3C-9E06-F04B60D1C847}.Release|x64.Build.0 = Release|Any CPU
		{9BF77E45-71F6-4EA8-B936-83F2F5A833BE}.Debug|Any CPU.ActiveCfg = Debug|Any CPU
		{9BF77E45-71F6-4EA8-B936-83F2F5A833BE}.Debug|Any CPU.Build.0 = Debug|Any CPU
		{9BF77E45-71F6-4EA8-B936-83F2F5A833BE}.Debug|x64.ActiveCfg = Debug|x64
		{9BF77E45-71F6-4EA8-B936-83F2F5A833BE}.Debug|x64.Build.0 = Debug|x64
		{9BF77E45-71F6-4EA8-B936-83F2F5A833BE}.Release|Any CPU.ActiveCfg = Release|Any CPU
		{9BF77E45-71F6-4EA8-B936-83F2F5A833BE}.Release|Any CPU.Build.0 = Release|Any CPU
		{9BF77E45-71F6-4EA8-B936-83F2F5A833BE}.Release|x64.ActiveCfg = Release|x64
		{9BF77E45-71F6-4EA8-B936-83F2F5A833BE}.Release|x64.Build.0 = Release|x64
		{32DFAE8E-D4B5-4BC0-BDC2-D48CDD2F0C06}.Debug|Any CPU.ActiveCfg = Debug|Any CPU
		{32DFAE8E-D4B5-4BC0-BDC2-D48CDD2F0C06}.Debug|Any CPU.Build.0 = Debug|Any CPU
		{32DFAE8E-D4B5-4BC0-BDC2-D48CDD2F0C06}.Debug|x64.ActiveCfg = Debug|Any CPU
		{32DFAE8E-D4B5-4BC0-BDC2-D48CDD2F0C06}.Debug|x64.Build.0 = Debug|Any CPU
		{32DFAE8E-D4B5-4BC0-BDC2-D48CDD2F0C06}.Release|Any CPU.ActiveCfg = Release|Any CPU
		{32DFAE8E-D4B5-4BC0-BDC2-D48CDD2F0C06}.Release|Any CPU.Build.0 = Release|Any CPU
		{32DFAE8E-D4B5-4BC0-BDC2-D48CDD2F0C06}.Release|x64.ActiveCfg = Release|Any CPU
		{32DFAE8E-D4B5-4BC0-BDC2-D48CDD2F0C06}.Release|x64.Build.0 = Release|Any CPU
		{19BDB643-6530-4C33-8393-647BE8D45BDF}.Debug|Any CPU.ActiveCfg = Debug|Any CPU
		{19BDB643-6530-4C33-8393-647BE8D45BDF}.Debug|Any CPU.Build.0 = Debug|Any CPU
		{19BDB643-6530-4C33-8393-647BE8D45BDF}.Debug|x64.ActiveCfg = Debug|Any CPU
		{19BDB643-6530-4C33-8393-647BE8D45BDF}.Debug|x64.Build.0 = Debug|Any CPU
		{19BDB643-6530-4C33-8393-647BE8D45BDF}.Release|Any CPU.ActiveCfg = Release|Any CPU
		{19BDB643-6530-4C33-8393-647BE8D45BDF}.Release|Any CPU.Build.0 = Release|Any CPU
		{19BDB643-6530-4C33-8393-647BE8D45BDF}.Release|x64.ActiveCfg = Release|Any CPU
		{19BDB643-6530-4C33-8393-647BE8D45BDF}.Release|x64.Build.0 = Release|Any CPU
		{F4DD372D-9F0F-4065-BBE7-E30696C84947}.Debug|Any CPU.ActiveCfg = Debug|Any CPU
		{F4DD372D-9F0F-4065-BBE7-E30696C84947}.Debug|Any CPU.Build.0 = Debug|Any CPU
		{F4DD372D-9F0F-4065-BBE7-E30696C84947}.Debug|x64.ActiveCfg = Debug|Any CPU
		{F4DD372D-9F0F-4065-BBE7-E30696C84947}.Debug|x64.Build.0 = Debug|Any CPU
		{F4DD372D-9F0F-4065-BBE7-E30696C84947}.Release|Any CPU.ActiveCfg = Release|Any CPU
		{F4DD372D-9F0F-4065-BBE7-E30696C84947}.Release|Any CPU.Build.0 = Release|Any CPU
		{F4DD372D-9F0F-4065-BBE7-E30696C84947}.Release|x64.ActiveCfg = Release|Any CPU
		{F4DD372D-9F0F-4065-BBE7-E30696C84947}.Release|x64.Build.0 = Release|Any CPU
		{B522EB72-02AF-4AA7-AE1F-5C1938CBD99D}.Debug|Any CPU.ActiveCfg = Debug|Any CPU
		{B522EB72-02AF-4AA7-AE1F-5C1938CBD99D}.Debug|Any CPU.Build.0 = Debug|Any CPU
		{B522EB72-02AF-4AA7-AE1F-5C1938CBD99D}.Debug|x64.ActiveCfg = Debug|Any CPU
		{B522EB72-02AF-4AA7-AE1F-5C1938CBD99D}.Debug|x64.Build.0 = Debug|Any CPU
		{B522EB72-02AF-4AA7-AE1F-5C1938CBD99D}.Release|Any CPU.ActiveCfg = Release|Any CPU
		{B522EB72-02AF-4AA7-AE1F-5C1938CBD99D}.Release|Any CPU.Build.0 = Release|Any CPU
		{B522EB72-02AF-4AA7-AE1F-5C1938CBD99D}.Release|x64.ActiveCfg = Release|Any CPU
		{B522EB72-02AF-4AA7-AE1F-5C1938CBD99D}.Release|x64.Build.0 = Release|Any CPU
		{7B0D64B2-09D7-4BD3-B21C-4B7F6B43A30C}.Debug|Any CPU.ActiveCfg = Debug|Any CPU
		{7B0D64B2-09D7-4BD3-B21C-4B7F6B43A30C}.Debug|Any CPU.Build.0 = Debug|Any CPU
		{7B0D64B2-09D7-4BD3-B21C-4B7F6B43A30C}.Debug|x64.ActiveCfg = Debug|Any CPU
		{7B0D64B2-09D7-4BD3-B21C-4B7F6B43A30C}.Debug|x64.Build.0 = Debug|Any CPU
		{7B0D64B2-09D7-4BD3-B21C-4B7F6B43A30C}.Release|Any CPU.ActiveCfg = Release|Any CPU
		{7B0D64B2-09D7-4BD3-B21C-4B7F6B43A30C}.Release|Any CPU.Build.0 = Release|Any CPU
		{7B0D64B2-09D7-4BD3-B21C-4B7F6B43A30C}.Release|x64.ActiveCfg = Release|Any CPU
		{7B0D64B2-09D7-4BD3-B21C-4B7F6B43A30C}.Release|x64.Build.0 = Release|Any CPU
		{59B234D3-AAB0-483A-95EF-3D9EC001A686}.Debug|Any CPU.ActiveCfg = Debug|Any CPU
		{59B234D3-AAB0-483A-95EF-3D9EC001A686}.Debug|Any CPU.Build.0 = Debug|Any CPU
		{59B234D3-AAB0-483A-95EF-3D9EC001A686}.Debug|x64.ActiveCfg = Debug|Any CPU
		{59B234D3-AAB0-483A-95EF-3D9EC001A686}.Debug|x64.Build.0 = Debug|Any CPU
		{59B234D3-AAB0-483A-95EF-3D9EC001A686}.Release|Any CPU.ActiveCfg = Release|Any CPU
		{59B234D3-AAB0-483A-95EF-3D9EC001A686}.Release|Any CPU.Build.0 = Release|Any CPU
		{59B234D3-AAB0-483A-95EF-3D9EC001A686}.Release|x64.ActiveCfg = Release|Any CPU
		{59B234D3-AAB0-483A-95EF-3D9EC001A686}.Release|x64.Build.0 = Release|Any CPU
		{832C68D6-9CF9-416E-B832-9337FE2DE3D6}.Debug|Any CPU.ActiveCfg = Debug|Any CPU
		{832C68D6-9CF9-416E-B832-9337FE2DE3D6}.Debug|Any CPU.Build.0 = Debug|Any CPU
		{832C68D6-9CF9-416E-B832-9337FE2DE3D6}.Debug|x64.ActiveCfg = Debug|Any CPU
		{832C68D6-9CF9-416E-B832-9337FE2DE3D6}.Debug|x64.Build.0 = Debug|Any CPU
		{832C68D6-9CF9-416E-B832-9337FE2DE3D6}.Release|Any CPU.ActiveCfg = Release|Any CPU
		{832C68D6-9CF9-416E-B832-9337FE2DE3D6}.Release|Any CPU.Build.0 = Release|Any CPU
		{832C68D6-9CF9-416E-B832-9337FE2DE3D6}.Release|x64.ActiveCfg = Release|Any CPU
		{832C68D6-9CF9-416E-B832-9337FE2DE3D6}.Release|x64.Build.0 = Release|Any CPU
		{1B3376E9-4011-4428-9390-9DA2C91C2AF3}.Debug|Any CPU.ActiveCfg = Debug|Any CPU
		{1B3376E9-4011-4428-9390-9DA2C91C2AF3}.Debug|Any CPU.Build.0 = Debug|Any CPU
		{1B3376E9-4011-4428-9390-9DA2C91C2AF3}.Debug|x64.ActiveCfg = Debug|Any CPU
		{1B3376E9-4011-4428-9390-9DA2C91C2AF3}.Debug|x64.Build.0 = Debug|Any CPU
		{1B3376E9-4011-4428-9390-9DA2C91C2AF3}.Release|Any CPU.ActiveCfg = Release|Any CPU
		{1B3376E9-4011-4428-9390-9DA2C91C2AF3}.Release|Any CPU.Build.0 = Release|Any CPU
		{1B3376E9-4011-4428-9390-9DA2C91C2AF3}.Release|x64.ActiveCfg = Release|Any CPU
		{1B3376E9-4011-4428-9390-9DA2C91C2AF3}.Release|x64.Build.0 = Release|Any CPU
		{4CDE5D74-EAB7-44D0-A6B7-06A1E2335AD9}.Debug|Any CPU.ActiveCfg = Debug|Any CPU
		{4CDE5D74-EAB7-44D0-A6B7-06A1E2335AD9}.Debug|Any CPU.Build.0 = Debug|Any CPU
		{4CDE5D74-EAB7-44D0-A6B7-06A1E2335AD9}.Debug|x64.ActiveCfg = Debug|Any CPU
		{4CDE5D74-EAB7-44D0-A6B7-06A1E2335AD9}.Debug|x64.Build.0 = Debug|Any CPU
		{4CDE5D74-EAB7-44D0-A6B7-06A1E2335AD9}.Release|Any CPU.ActiveCfg = Release|Any CPU
		{4CDE5D74-EAB7-44D0-A6B7-06A1E2335AD9}.Release|Any CPU.Build.0 = Release|Any CPU
		{4CDE5D74-EAB7-44D0-A6B7-06A1E2335AD9}.Release|x64.ActiveCfg = Release|Any CPU
		{4CDE5D74-EAB7-44D0-A6B7-06A1E2335AD9}.Release|x64.Build.0 = Release|Any CPU
	EndGlobalSection
	GlobalSection(SolutionProperties) = preSolution
		HideSolutionNode = FALSE
	EndGlobalSection
	GlobalSection(NestedProjects) = preSolution
		{2A70B178-2371-4636-9458-E51357F4B547} = {951E7497-FAA2-437A-9E1B-BD26910AE678}
		{9955D363-EB16-4882-8167-0A7442D9F661} = {951E7497-FAA2-437A-9E1B-BD26910AE678}
		{B522EB72-02AF-4AA7-AE1F-5C1938CBD99D} = {9955D363-EB16-4882-8167-0A7442D9F661}
		{7B0D64B2-09D7-4BD3-B21C-4B7F6B43A30C} = {9955D363-EB16-4882-8167-0A7442D9F661}
		{59B234D3-AAB0-483A-95EF-3D9EC001A686} = {9955D363-EB16-4882-8167-0A7442D9F661}
		{832C68D6-9CF9-416E-B832-9337FE2DE3D6} = {9955D363-EB16-4882-8167-0A7442D9F661}
		{1B3376E9-4011-4428-9390-9DA2C91C2AF3} = {9955D363-EB16-4882-8167-0A7442D9F661}
		{4CDE5D74-EAB7-44D0-A6B7-06A1E2335AD9} = {9955D363-EB16-4882-8167-0A7442D9F661}
	EndGlobalSection
	GlobalSection(ExtensibilityGlobals) = postSolution
		SolutionGuid = {4671669B-1F9B-416F-85A6-56B146512255}
	EndGlobalSection
EndGlobal
